// !$*UTF8*$!
{
	archiveVersion = 1;
	classes = {
	};
	objectVersion = 51;
	objects = {

/* Begin PBXBuildFile section */
		29901F0E24549A8E00C45336 /* AppDelegate.swift in Sources */ = {isa = PBXBuildFile; fileRef = 29901F0D24549A8E00C45336 /* AppDelegate.swift */; };
		29901F1024549A8E00C45336 /* SceneDelegate.swift in Sources */ = {isa = PBXBuildFile; fileRef = 29901F0F24549A8E00C45336 /* SceneDelegate.swift */; };
		29901F1224549A8E00C45336 /* SignInViewController.swift in Sources */ = {isa = PBXBuildFile; fileRef = 29901F1124549A8E00C45336 /* SignInViewController.swift */; };
		29901F1524549A8E00C45336 /* Main.storyboard in Resources */ = {isa = PBXBuildFile; fileRef = 29901F1324549A8E00C45336 /* Main.storyboard */; };
		29901F1724549A9000C45336 /* Assets.xcassets in Resources */ = {isa = PBXBuildFile; fileRef = 29901F1624549A9000C45336 /* Assets.xcassets */; };
		29901F1A24549A9000C45336 /* LaunchScreen.storyboard in Resources */ = {isa = PBXBuildFile; fileRef = 29901F1824549A9000C45336 /* LaunchScreen.storyboard */; };
		29901F2524549DDA00C45336 /* GoogleService-Info.plist in Resources */ = {isa = PBXBuildFile; fileRef = 29901F2424549DDA00C45336 /* GoogleService-Info.plist */; };
		29901F282454AE3A00C45336 /* FancyView.swift in Sources */ = {isa = PBXBuildFile; fileRef = 29901F272454AE3A00C45336 /* FancyView.swift */; };
		29901F2B2454AED200C45336 /* Constants.swift in Sources */ = {isa = PBXBuildFile; fileRef = 29901F2A2454AED200C45336 /* Constants.swift */; };
		29901F2F2454B3DD00C45336 /* Shadowed.swift in Sources */ = {isa = PBXBuildFile; fileRef = 29901F2E2454B3DD00C45336 /* Shadowed.swift */; };
		29901F322454B6E800C45336 /* Circled.swift in Sources */ = {isa = PBXBuildFile; fileRef = 29901F312454B6E800C45336 /* Circled.swift */; };
		29901F342454BAD800C45336 /* FancyRoundButton.swift in Sources */ = {isa = PBXBuildFile; fileRef = 29901F332454BAD800C45336 /* FancyRoundButton.swift */; };
		61E6176CBAE4A18892ED67AB /* Pods_devslopes_social.framework in Frameworks */ = {isa = PBXBuildFile; fileRef = 1B7FA2B5B56DE29F0DC1ADF2 /* Pods_devslopes_social.framework */; };
/* End PBXBuildFile section */

/* Begin PBXFileReference section */
		1B7FA2B5B56DE29F0DC1ADF2 /* Pods_devslopes_social.framework */ = {isa = PBXFileReference; explicitFileType = wrapper.framework; includeInIndex = 0; path = Pods_devslopes_social.framework; sourceTree = BUILT_PRODUCTS_DIR; };
		29901F0A24549A8E00C45336 /* devslopes-social.app */ = {isa = PBXFileReference; explicitFileType = wrapper.application; includeInIndex = 0; path = "devslopes-social.app"; sourceTree = BUILT_PRODUCTS_DIR; };
		29901F0D24549A8E00C45336 /* AppDelegate.swift */ = {isa = PBXFileReference; lastKnownFileType = sourcecode.swift; path = AppDelegate.swift; sourceTree = "<group>"; };
		29901F0F24549A8E00C45336 /* SceneDelegate.swift */ = {isa = PBXFileReference; lastKnownFileType = sourcecode.swift; path = SceneDelegate.swift; sourceTree = "<group>"; };
		29901F1124549A8E00C45336 /* SignInViewController.swift */ = {isa = PBXFileReference; lastKnownFileType = sourcecode.swift; path = SignInViewController.swift; sourceTree = "<group>"; };
		29901F1424549A8E00C45336 /* Base */ = {isa = PBXFileReference; lastKnownFileType = file.storyboard; name = Base; path = Base.lproj/Main.storyboard; sourceTree = "<group>"; };
		29901F1624549A9000C45336 /* Assets.xcassets */ = {isa = PBXFileReference; lastKnownFileType = folder.assetcatalog; path = Assets.xcassets; sourceTree = "<group>"; };
		29901F1924549A9000C45336 /* Base */ = {isa = PBXFileReference; lastKnownFileType = file.storyboard; name = Base; path = Base.lproj/LaunchScreen.storyboard; sourceTree = "<group>"; };
		29901F1B24549A9000C45336 /* Info.plist */ = {isa = PBXFileReference; lastKnownFileType = text.plist.xml; path = Info.plist; sourceTree = "<group>"; };
		29901F2424549DDA00C45336 /* GoogleService-Info.plist */ = {isa = PBXFileReference; fileEncoding = 4; lastKnownFileType = text.plist.xml; path = "GoogleService-Info.plist"; sourceTree = "<group>"; };
		29901F272454AE3A00C45336 /* FancyView.swift */ = {isa = PBXFileReference; lastKnownFileType = sourcecode.swift; path = FancyView.swift; sourceTree = "<group>"; };
		29901F2A2454AED200C45336 /* Constants.swift */ = {isa = PBXFileReference; lastKnownFileType = sourcecode.swift; path = Constants.swift; sourceTree = "<group>"; };
		29901F2E2454B3DD00C45336 /* Shadowed.swift */ = {isa = PBXFileReference; lastKnownFileType = sourcecode.swift; path = Shadowed.swift; sourceTree = "<group>"; };
		29901F312454B6E800C45336 /* Circled.swift */ = {isa = PBXFileReference; lastKnownFileType = sourcecode.swift; path = Circled.swift; sourceTree = "<group>"; };
		29901F332454BAD800C45336 /* FancyRoundButton.swift */ = {isa = PBXFileReference; lastKnownFileType = sourcecode.swift; path = FancyRoundButton.swift; sourceTree = "<group>"; };
		720E3BD43E0D4C526C6E53D8 /* Pods-devslopes-social.release.xcconfig */ = {isa = PBXFileReference; includeInIndex = 1; lastKnownFileType = text.xcconfig; name = "Pods-devslopes-social.release.xcconfig"; path = "Target Support Files/Pods-devslopes-social/Pods-devslopes-social.release.xcconfig"; sourceTree = "<group>"; };
		94646082DD6D317A4321D11D /* Pods-devslopes-social.debug.xcconfig */ = {isa = PBXFileReference; includeInIndex = 1; lastKnownFileType = text.xcconfig; name = "Pods-devslopes-social.debug.xcconfig"; path = "Target Support Files/Pods-devslopes-social/Pods-devslopes-social.debug.xcconfig"; sourceTree = "<group>"; };
/* End PBXFileReference section */

/* Begin PBXFrameworksBuildPhase section */
		29901F0724549A8E00C45336 /* Frameworks */ = {
			isa = PBXFrameworksBuildPhase;
			buildActionMask = 2147483647;
			files = (
				61E6176CBAE4A18892ED67AB /* Pods_devslopes_social.framework in Frameworks */,
			);
			runOnlyForDeploymentPostprocessing = 0;
		};
/* End PBXFrameworksBuildPhase section */

/* Begin PBXGroup section */
		29901F0124549A8E00C45336 = {
			isa = PBXGroup;
			children = (
				29901F0C24549A8E00C45336 /* devslopes-social */,
				29901F0B24549A8E00C45336 /* Products */,
				F109F322564B763172E68A14 /* Pods */,
				518AED170D10D07EAFCF416F /* Frameworks */,
			);
			sourceTree = "<group>";
		};
		29901F0B24549A8E00C45336 /* Products */ = {
			isa = PBXGroup;
			children = (
				29901F0A24549A8E00C45336 /* devslopes-social.app */,
			);
			name = Products;
			sourceTree = "<group>";
		};
		29901F0C24549A8E00C45336 /* devslopes-social */ = {
			isa = PBXGroup;
			children = (
				29901F302454B6A600C45336 /* protocol */,
				29901F2624549E0E00C45336 /* app */,
				29901F2324549DC000C45336 /* model */,
				29901F2224549DBC00C45336 /* view */,
				29901F2124549DB600C45336 /* controller */,
				29901F1624549A9000C45336 /* Assets.xcassets */,
				29901F1B24549A9000C45336 /* Info.plist */,
				29901F2424549DDA00C45336 /* GoogleService-Info.plist */,
			);
			path = "devslopes-social";
			sourceTree = "<group>";
		};
		29901F2124549DB600C45336 /* controller */ = {
			isa = PBXGroup;
			children = (
				29901F1124549A8E00C45336 /* SignInViewController.swift */,
			);
			path = controller;
			sourceTree = "<group>";
		};
		29901F2224549DBC00C45336 /* view */ = {
			isa = PBXGroup;
			children = (
				29901F1824549A9000C45336 /* LaunchScreen.storyboard */,
				29901F1324549A8E00C45336 /* Main.storyboard */,
				29901F272454AE3A00C45336 /* FancyView.swift */,
				29901F332454BAD800C45336 /* FancyRoundButton.swift */,
			);
			path = view;
			sourceTree = "<group>";
		};
		29901F2324549DC000C45336 /* model */ = {
			isa = PBXGroup;
			children = (
			);
			path = model;
			sourceTree = "<group>";
		};
		29901F2624549E0E00C45336 /* app */ = {
			isa = PBXGroup;
			children = (
				29901F292454AEC200C45336 /* util */,
				29901F0D24549A8E00C45336 /* AppDelegate.swift */,
				29901F0F24549A8E00C45336 /* SceneDelegate.swift */,
			);
			path = app;
			sourceTree = "<group>";
		};
		29901F292454AEC200C45336 /* util */ = {
			isa = PBXGroup;
			children = (
				29901F2A2454AED200C45336 /* Constants.swift */,
			);
			path = util;
			sourceTree = "<group>";
		};
		29901F302454B6A600C45336 /* protocol */ = {
			isa = PBXGroup;
			children = (
				29901F2E2454B3DD00C45336 /* Shadowed.swift */,
				29901F312454B6E800C45336 /* Circled.swift */,
			);
			path = protocol;
			sourceTree = "<group>";
		};
		518AED170D10D07EAFCF416F /* Frameworks */ = {
			isa = PBXGroup;
			children = (
				1B7FA2B5B56DE29F0DC1ADF2 /* Pods_devslopes_social.framework */,
			);
			name = Frameworks;
			sourceTree = "<group>";
		};
		F109F322564B763172E68A14 /* Pods */ = {
			isa = PBXGroup;
			children = (
				94646082DD6D317A4321D11D /* Pods-devslopes-social.debug.xcconfig */,
				720E3BD43E0D4C526C6E53D8 /* Pods-devslopes-social.release.xcconfig */,
			);
			path = Pods;
			sourceTree = "<group>";
		};
/* End PBXGroup section */

/* Begin PBXNativeTarget section */
		29901F0924549A8E00C45336 /* devslopes-social */ = {
			isa = PBXNativeTarget;
			buildConfigurationList = 29901F1E24549A9000C45336 /* Build configuration list for PBXNativeTarget "devslopes-social" */;
			buildPhases = (
				FB0269C547759DCFCD227DBD /* [CP] Check Pods Manifest.lock */,
				29901F0624549A8E00C45336 /* Sources */,
				29901F0724549A8E00C45336 /* Frameworks */,
				29901F0824549A8E00C45336 /* Resources */,
				533A717E6F4C1F71AFD70641 /* [CP] Embed Pods Frameworks */,
			);
			buildRules = (
			);
			dependencies = (
			);
			name = "devslopes-social";
			productName = "devslopes-social";
			productReference = 29901F0A24549A8E00C45336 /* devslopes-social.app */;
			productType = "com.apple.product-type.application";
		};
/* End PBXNativeTarget section */

/* Begin PBXProject section */
		29901F0224549A8E00C45336 /* Project object */ = {
			isa = PBXProject;
			attributes = {
				LastSwiftUpdateCheck = 1140;
				LastUpgradeCheck = 1140;
				ORGANIZATIONNAME = "Jose Monge";
				TargetAttributes = {
					29901F0924549A8E00C45336 = {
						CreatedOnToolsVersion = 11.4.1;
					};
				};
			};
			buildConfigurationList = 29901F0524549A8E00C45336 /* Build configuration list for PBXProject "devslopes-social" */;
			compatibilityVersion = "Xcode 9.3";
			developmentRegion = en;
			hasScannedForEncodings = 0;
			knownRegions = (
				en,
				Base,
			);
			mainGroup = 29901F0124549A8E00C45336;
			productRefGroup = 29901F0B24549A8E00C45336 /* Products */;
			projectDirPath = "";
			projectRoot = "";
			targets = (
				29901F0924549A8E00C45336 /* devslopes-social */,
			);
		};
/* End PBXProject section */

/* Begin PBXResourcesBuildPhase section */
		29901F0824549A8E00C45336 /* Resources */ = {
			isa = PBXResourcesBuildPhase;
			buildActionMask = 2147483647;
			files = (
				29901F1A24549A9000C45336 /* LaunchScreen.storyboard in Resources */,
				29901F2524549DDA00C45336 /* GoogleService-Info.plist in Resources */,
				29901F1724549A9000C45336 /* Assets.xcassets in Resources */,
				29901F1524549A8E00C45336 /* Main.storyboard in Resources */,
			);
			runOnlyForDeploymentPostprocessing = 0;
		};
/* End PBXResourcesBuildPhase section */

/* Begin PBXShellScriptBuildPhase section */
		533A717E6F4C1F71AFD70641 /* [CP] Embed Pods Frameworks */ = {
			isa = PBXShellScriptBuildPhase;
			buildActionMask = 2147483647;
			files = (
			);
			inputFileListPaths = (
				"${PODS_ROOT}/Target Support Files/Pods-devslopes-social/Pods-devslopes-social-frameworks-${CONFIGURATION}-input-files.xcfilelist",
			);
			name = "[CP] Embed Pods Frameworks";
			outputFileListPaths = (
				"${PODS_ROOT}/Target Support Files/Pods-devslopes-social/Pods-devslopes-social-frameworks-${CONFIGURATION}-output-files.xcfilelist",
			);
			runOnlyForDeploymentPostprocessing = 0;
			shellPath = /bin/sh;
			shellScript = "\"${PODS_ROOT}/Target Support Files/Pods-devslopes-social/Pods-devslopes-social-frameworks.sh\"\n";
			showEnvVarsInLog = 0;
		};
		FB0269C547759DCFCD227DBD /* [CP] Check Pods Manifest.lock */ = {
			isa = PBXShellScriptBuildPhase;
			buildActionMask = 2147483647;
			files = (
			);
			inputFileListPaths = (
			);
			inputPaths = (
				"${PODS_PODFILE_DIR_PATH}/Podfile.lock",
				"${PODS_ROOT}/Manifest.lock",
			);
			name = "[CP] Check Pods Manifest.lock";
			outputFileListPaths = (
			);
			outputPaths = (
				"$(DERIVED_FILE_DIR)/Pods-devslopes-social-checkManifestLockResult.txt",
			);
			runOnlyForDeploymentPostprocessing = 0;
			shellPath = /bin/sh;
			shellScript = "diff \"${PODS_PODFILE_DIR_PATH}/Podfile.lock\" \"${PODS_ROOT}/Manifest.lock\" > /dev/null\nif [ $? != 0 ] ; then\n    # print error to STDERR\n    echo \"error: The sandbox is not in sync with the Podfile.lock. Run 'pod install' or update your CocoaPods installation.\" >&2\n    exit 1\nfi\n# This output is used by Xcode 'outputs' to avoid re-running this script phase.\necho \"SUCCESS\" > \"${SCRIPT_OUTPUT_FILE_0}\"\n";
			showEnvVarsInLog = 0;
		};
/* End PBXShellScriptBuildPhase section */

/* Begin PBXSourcesBuildPhase section */
		29901F0624549A8E00C45336 /* Sources */ = {
			isa = PBXSourcesBuildPhase;
			buildActionMask = 2147483647;
			files = (
				29901F342454BAD800C45336 /* FancyRoundButton.swift in Sources */,
				29901F322454B6E800C45336 /* Circled.swift in Sources */,
				29901F2B2454AED200C45336 /* Constants.swift in Sources */,
				29901F1224549A8E00C45336 /* SignInViewController.swift in Sources */,
				29901F0E24549A8E00C45336 /* AppDelegate.swift in Sources */,
				29901F282454AE3A00C45336 /* FancyView.swift in Sources */,
				29901F1024549A8E00C45336 /* SceneDelegate.swift in Sources */,
				29901F2F2454B3DD00C45336 /* Shadowed.swift in Sources */,
			);
			runOnlyForDeploymentPostprocessing = 0;
		};
/* End PBXSourcesBuildPhase section */

/* Begin PBXVariantGroup section */
		29901F1324549A8E00C45336 /* Main.storyboard */ = {
			isa = PBXVariantGroup;
			children = (
				29901F1424549A8E00C45336 /* Base */,
			);
			name = Main.storyboard;
			sourceTree = "<group>";
		};
		29901F1824549A9000C45336 /* LaunchScreen.storyboard */ = {
			isa = PBXVariantGroup;
			children = (
				29901F1924549A9000C45336 /* Base */,
			);
			name = LaunchScreen.storyboard;
			sourceTree = "<group>";
		};
/* End PBXVariantGroup section */

/* Begin XCBuildConfiguration section */
		29901F1C24549A9000C45336 /* Debug */ = {
			isa = XCBuildConfiguration;
			buildSettings = {
				ALWAYS_SEARCH_USER_PATHS = NO;
				CLANG_ANALYZER_NONNULL = YES;
				CLANG_ANALYZER_NUMBER_OBJECT_CONVERSION = YES_AGGRESSIVE;
				CLANG_CXX_LANGUAGE_STANDARD = "gnu++14";
				CLANG_CXX_LIBRARY = "libc++";
				CLANG_ENABLE_MODULES = YES;
				CLANG_ENABLE_OBJC_ARC = YES;
				CLANG_ENABLE_OBJC_WEAK = YES;
				CLANG_WARN_BLOCK_CAPTURE_AUTORELEASING = YES;
				CLANG_WARN_BOOL_CONVERSION = YES;
				CLANG_WARN_COMMA = YES;
				CLANG_WARN_CONSTANT_CONVERSION = YES;
				CLANG_WARN_DEPRECATED_OBJC_IMPLEMENTATIONS = YES;
				CLANG_WARN_DIRECT_OBJC_ISA_USAGE = YES_ERROR;
				CLANG_WARN_DOCUMENTATION_COMMENTS = YES;
				CLANG_WARN_EMPTY_BODY = YES;
				CLANG_WARN_ENUM_CONVERSION = YES;
				CLANG_WARN_INFINITE_RECURSION = YES;
				CLANG_WARN_INT_CONVERSION = YES;
				CLANG_WARN_NON_LITERAL_NULL_CONVERSION = YES;
				CLANG_WARN_OBJC_IMPLICIT_RETAIN_SELF = YES;
				CLANG_WARN_OBJC_LITERAL_CONVERSION = YES;
				CLANG_WARN_OBJC_ROOT_CLASS = YES_ERROR;
				CLANG_WARN_RANGE_LOOP_ANALYSIS = YES;
				CLANG_WARN_STRICT_PROTOTYPES = YES;
				CLANG_WARN_SUSPICIOUS_MOVE = YES;
				CLANG_WARN_UNGUARDED_AVAILABILITY = YES_AGGRESSIVE;
				CLANG_WARN_UNREACHABLE_CODE = YES;
				CLANG_WARN__DUPLICATE_METHOD_MATCH = YES;
				COPY_PHASE_STRIP = NO;
				DEBUG_INFORMATION_FORMAT = dwarf;
				ENABLE_STRICT_OBJC_MSGSEND = YES;
				ENABLE_TESTABILITY = YES;
				GCC_C_LANGUAGE_STANDARD = gnu11;
				GCC_DYNAMIC_NO_PIC = NO;
				GCC_NO_COMMON_BLOCKS = YES;
				GCC_OPTIMIZATION_LEVEL = 0;
				GCC_PREPROCESSOR_DEFINITIONS = (
					"DEBUG=1",
					"$(inherited)",
				);
				GCC_WARN_64_TO_32_BIT_CONVERSION = YES;
				GCC_WARN_ABOUT_RETURN_TYPE = YES_ERROR;
				GCC_WARN_UNDECLARED_SELECTOR = YES;
				GCC_WARN_UNINITIALIZED_AUTOS = YES_AGGRESSIVE;
				GCC_WARN_UNUSED_FUNCTION = YES;
				GCC_WARN_UNUSED_VARIABLE = YES;
				IPHONEOS_DEPLOYMENT_TARGET = 13.4;
				MTL_ENABLE_DEBUG_INFO = INCLUDE_SOURCE;
				MTL_FAST_MATH = YES;
				ONLY_ACTIVE_ARCH = YES;
				SDKROOT = iphoneos;
				SWIFT_ACTIVE_COMPILATION_CONDITIONS = DEBUG;
				SWIFT_OPTIMIZATION_LEVEL = "-Onone";
			};
			name = Debug;
		};
		29901F1D24549A9000C45336 /* Release */ = {
			isa = XCBuildConfiguration;
			buildSettings = {
				ALWAYS_SEARCH_USER_PATHS = NO;
				CLANG_ANALYZER_NONNULL = YES;
				CLANG_ANALYZER_NUMBER_OBJECT_CONVERSION = YES_AGGRESSIVE;
				CLANG_CXX_LANGUAGE_STANDARD = "gnu++14";
				CLANG_CXX_LIBRARY = "libc++";
				CLANG_ENABLE_MODULES = YES;
				CLANG_ENABLE_OBJC_ARC = YES;
				CLANG_ENABLE_OBJC_WEAK = YES;
				CLANG_WARN_BLOCK_CAPTURE_AUTORELEASING = YES;
				CLANG_WARN_BOOL_CONVERSION = YES;
				CLANG_WARN_COMMA = YES;
				CLANG_WARN_CONSTANT_CONVERSION = YES;
				CLANG_WARN_DEPRECATED_OBJC_IMPLEMENTATIONS = YES;
				CLANG_WARN_DIRECT_OBJC_ISA_USAGE = YES_ERROR;
				CLANG_WARN_DOCUMENTATION_COMMENTS = YES;
				CLANG_WARN_EMPTY_BODY = YES;
				CLANG_WARN_ENUM_CONVERSION = YES;
				CLANG_WARN_INFINITE_RECURSION = YES;
				CLANG_WARN_INT_CONVERSION = YES;
				CLANG_WARN_NON_LITERAL_NULL_CONVERSION = YES;
				CLANG_WARN_OBJC_IMPLICIT_RETAIN_SELF = YES;
				CLANG_WARN_OBJC_LITERAL_CONVERSION = YES;
				CLANG_WARN_OBJC_ROOT_CLASS = YES_ERROR;
				CLANG_WARN_RANGE_LOOP_ANALYSIS = YES;
				CLANG_WARN_STRICT_PROTOTYPES = YES;
				CLANG_WARN_SUSPICIOUS_MOVE = YES;
				CLANG_WARN_UNGUARDED_AVAILABILITY = YES_AGGRESSIVE;
				CLANG_WARN_UNREACHABLE_CODE = YES;
				CLANG_WARN__DUPLICATE_METHOD_MATCH = YES;
				COPY_PHASE_STRIP = NO;
				DEBUG_INFORMATION_FORMAT = "dwarf-with-dsym";
				ENABLE_NS_ASSERTIONS = NO;
				ENABLE_STRICT_OBJC_MSGSEND = YES;
				GCC_C_LANGUAGE_STANDARD = gnu11;
				GCC_NO_COMMON_BLOCKS = YES;
				GCC_WARN_64_TO_32_BIT_CONVERSION = YES;
				GCC_WARN_ABOUT_RETURN_TYPE = YES_ERROR;
				GCC_WARN_UNDECLARED_SELECTOR = YES;
				GCC_WARN_UNINITIALIZED_AUTOS = YES_AGGRESSIVE;
				GCC_WARN_UNUSED_FUNCTION = YES;
				GCC_WARN_UNUSED_VARIABLE = YES;
				IPHONEOS_DEPLOYMENT_TARGET = 13.4;
				MTL_ENABLE_DEBUG_INFO = NO;
				MTL_FAST_MATH = YES;
				SDKROOT = iphoneos;
				SWIFT_COMPILATION_MODE = wholemodule;
				SWIFT_OPTIMIZATION_LEVEL = "-O";
				VALIDATE_PRODUCT = YES;
			};
			name = Release;
		};
		29901F1F24549A9000C45336 /* Debug */ = {
			isa = XCBuildConfiguration;
			baseConfigurationReference = 94646082DD6D317A4321D11D /* Pods-devslopes-social.debug.xcconfig */;
			buildSettings = {
				ASSETCATALOG_COMPILER_APPICON_NAME = AppIcon;
				CODE_SIGN_STYLE = Automatic;
				DEVELOPMENT_TEAM = 86ZEDM223G;
				INFOPLIST_FILE = "devslopes-social/Info.plist";
				LD_RUNPATH_SEARCH_PATHS = (
					"$(inherited)",
					"@executable_path/Frameworks",
				);
				PRODUCT_BUNDLE_IDENTIFIER = "com.pamobo0609.devslopes-social";
				PRODUCT_NAME = "$(TARGET_NAME)";
				SWIFT_VERSION = 5.0;
				TARGETED_DEVICE_FAMILY = "1,2";
			};
			name = Debug;
		};
		29901F2024549A9000C45336 /* Release */ = {
			isa = XCBuildConfiguration;
			baseConfigurationReference = 720E3BD43E0D4C526C6E53D8 /* Pods-devslopes-social.release.xcconfig */;
			buildSettings = {
				ASSETCATALOG_COMPILER_APPICON_NAME = AppIcon;
				CODE_SIGN_STYLE = Automatic;
				DEVELOPMENT_TEAM = 86ZEDM223G;
				INFOPLIST_FILE = "devslopes-social/Info.plist";
				LD_RUNPATH_SEARCH_PATHS = (
					"$(inherited)",
					"@executable_path/Frameworks",
				);
				PRODUCT_BUNDLE_IDENTIFIER = "com.pamobo0609.devslopes-social";
				PRODUCT_NAME = "$(TARGET_NAME)";
				SWIFT_VERSION = 5.0;
				TARGETED_DEVICE_FAMILY = "1,2";
			};
			name = Release;
		};
/* End XCBuildConfiguration section */

/* Begin XCConfigurationList section */
		29901F0524549A8E00C45336 /* Build configuration list for PBXProject "devslopes-social" */ = {
			isa = XCConfigurationList;
			buildConfigurations = (
				29901F1C24549A9000C45336 /* Debug */,
				29901F1D24549A9000C45336 /* Release */,
			);
			defaultConfigurationIsVisible = 0;
			defaultConfigurationName = Release;
		};
		29901F1E24549A9000C45336 /* Build configuration list for PBXNativeTarget "devslopes-social" */ = {
			isa = XCConfigurationList;
			buildConfigurations = (
				29901F1F24549A9000C45336 /* Debug */,
				29901F2024549A9000C45336 /* Release */,
			);
			defaultConfigurationIsVisible = 0;
			defaultConfigurationName = Release;
		};
/* End XCConfigurationList section */
	};
	rootObject = 29901F0224549A8E00C45336 /* Project object */;
}
